
Microsoft Visual Studio Solution File, Format Version 12.00
# Visual Studio Version 17
VisualStudioVersion = 17.3.32811.315
MinimumVisualStudioVersion = 10.0.40219.1
Project("{FAE04EC0-301F-11D3-BF4B-00C04F79EFBC}") = "CONSUMER", "CONSUMER.csproj", "{EDFB3C66-4813-4DEA-B6C2-9DCC287834A4}"
EndProject
Global
	GlobalSection(SolutionConfigurationPlatforms) = preSolution
		Debug|Any CPU = Debug|Any CPU
		Release|Any CPU = Release|Any CPU
	EndGlobalSection
	GlobalSection(ProjectConfigurationPlatforms) = postSolution
		{EDFB3C66-4813-4DEA-B6C2-9DCC287834A4}.Debug|Any CPU.ActiveCfg = Debug|Any CPU
		{EDFB3C66-4813-4DEA-B6C2-9DCC287834A4}.Debug|Any CPU.Build.0 = Debug|Any CPU
		{EDFB3C66-4813-4DEA-B6C2-9DCC287834A4}.Release|Any CPU.ActiveCfg = Release|Any CPU
		{EDFB3C66-4813-4DEA-B6C2-9DCC287834A4}.Release|Any CPU.Build.0 = Release|Any CPU
	EndGlobalSection
	GlobalSection(SolutionProperties) = preSolution
		HideSolutionNode = FALSE
	EndGlobalSection
	GlobalSection(ExtensibilityGlobals) = postSolution
		SolutionGuid = {201B0DF6-7E8A-4F6F-B606-B82D6282AB11}
	EndGlobalSection
EndGlobal
